<?xml version="1.0" encoding="utf-8"?>
<Project ToolsVersion="4.0" xmlns="http://schemas.microsoft.com/developer/msbuild/2003">
  <ItemGroup>
    <Filter Include="Source Files">
      <UniqueIdentifier>{8855699d-a067-4b0a-9cd5-6857b2cd0fd8}</UniqueIdentifier>
      <Extensions>cpp;c;cxx;rc;def;r;odl;idl;hpj;bat</Extensions>
    </Filter>
    <Filter Include="Source Files\Shell">
      <UniqueIdentifier>{649c336a-224d-4b6a-95ba-83ea82b5e176}</UniqueIdentifier>
    </Filter>
    <Filter Include="Header Files">
      <UniqueIdentifier>{679f6007-5ee0-42ed-9f29-2b44ef26add9}</UniqueIdentifier>
      <Extensions>h;hpp;hxx;hm;inl</Extensions>
    </Filter>
    <Filter Include="Header Files\Shell">
      <UniqueIdentifier>{be27ab7d-a198-4938-a329-f8220816e0fc}</UniqueIdentifier>
    </Filter>
    <Filter Include="Resource Files">
      <UniqueIdentifier>{cc38fa11-d94f-4dd1-8a48-cde7827a9d34}</UniqueIdentifier>
      <Extensions>ico;cur;bmp;dlg;rc2;rct;bin;rgs;gif;jpg;jpeg;jpe</Extensions>
    </Filter>
  </ItemGroup>
  <ItemGroup>
    <ClCompile Include="capture.cpp">
      <Filter>Source Files</Filter>
    </ClCompile>
    <ClCompile Include="debugutil.cpp">
      <Filter>Source Files</Filter>
    </ClCompile>
    <ClCompile Include="device.cpp">
      <Filter>Source Files</Filter>
    </ClCompile>
    <ClCompile Include="filter.cpp">
      <Filter>Source Files</Filter>
    </ClCompile>
    <ClCompile Include="still.cpp">
      <Filter>Source Files</Filter>
    </ClCompile>
    <ClCompile Include="streamdata.cpp">
      <Filter>Source Files</Filter>
    </ClCompile>
    <ClCompile Include="TransportStream.cpp">
      <Filter>Source Files</Filter>
    </ClCompile>
    <ClCompile Include="UsbDev.cpp">
      <Filter>Source Files</Filter>
    </ClCompile>
    <ClCompile Include="VideoDevice.cpp">
      <Filter>Source Files</Filter>
    </ClCompile>
    <ClCompile Include="VideoStream.cpp">
      <Filter>Source Files</Filter>
    </ClCompile>
    <ClCompile Include="BaseType.cpp">
      <Filter>Source Files\Shell</Filter>
    </ClCompile>
    <ClCompile Include="FaceTracking.cpp">
      <Filter>Source Files\Shell</Filter>
    </ClCompile>
    <ClCompile Include="JPEG.cpp">
      <Filter>Source Files\Shell</Filter>
    </ClCompile>
    <ClCompile Include="purecall.c">
      <Filter>Source Files\Shell</Filter>
    </ClCompile>
    <ClCompile Include="Scale.cpp">
      <Filter>Source Files\Shell</Filter>
    </ClCompile>
    <ClCompile Include="Shell.cpp">
      <Filter>Source Files\Shell</Filter>
    </ClCompile>
  </ItemGroup>
  <ItemGroup>
    <ClInclude Include="capture.h">
      <Filter>Header Files</Filter>
    </ClInclude>
    <ClInclude Include="customprop.h">
      <Filter>Header Files</Filter>
    </ClInclude>
    <ClInclude Include="DebugUtil.h">
      <Filter>Header Files</Filter>
    </ClInclude>
    <ClInclude Include="DEVDEP.H">
      <Filter>Header Files</Filter>
    </ClInclude>
    <ClInclude Include="device.h">
      <Filter>Header Files</Filter>
    </ClInclude>
    <ClInclude Include="filter.h">
      <Filter>Header Files</Filter>
    </ClInclude>
    <ClInclude Include="kcom.h">
      <Filter>Header Files</Filter>
    </ClInclude>
    <ClInclude Include="SnCam.h">
      <Filter>Header Files</Filter>
    </ClInclude>
    <ClInclude Include="still.h">
      <Filter>Header Files</Filter>
    </ClInclude>
    <ClInclude Include="streamdata.h">
      <Filter>Header Files</Filter>
    </ClInclude>
    <ClInclude Include="TransportStream.h">
      <Filter>Header Files</Filter>
    </ClInclude>
    <ClInclude Include="UsbDev.h">
      <Filter>Header Files</Filter>
    </ClInclude>
    <ClInclude Include="VidClass.h">
      <Filter>Header Files</Filter>
    </ClInclude>
    <ClInclude Include="VideoDevice.h">
      <Filter>Header Files</Filter>
    </ClInclude>
    <ClInclude Include="VideoStream.h">
      <Filter>Header Files</Filter>
    </ClInclude>
    <ClInclude Include="BaseType.h">
      <Filter>Header Files\Shell</Filter>
    </ClInclude>
    <ClInclude Include="effectlib.h">
      <Filter>Header Files\Shell</Filter>
    </ClInclude>
    <ClInclude Include="FaceData.h">
      <Filter>Header Files\Shell</Filter>
    </ClInclude>
    <ClInclude Include="FaceTracking.h">
      <Filter>Header Files\Shell</Filter>
    </ClInclude>
    <ClInclude Include="JPEG.H">
      <Filter>Header Files\Shell</Filter>
    </ClInclude>
    <ClInclude Include="Scale.h">
      <Filter>Header Files\Shell</Filter>
    </ClInclude>
    <ClInclude Include="Shell.h">
      <Filter>Header Files\Shell</Filter>
    </ClInclude>
    <ClInclude Include="resource.h">
      <Filter>Resource Files</Filter>
    </ClInclude>
  </ItemGroup>
  <ItemGroup>
    <ResourceCompile Include="ST50220.rc">
      <Filter>Resource Files</Filter>
    </ResourceCompile>
  </ItemGroup>
  <ItemGroup>
    <None Include="SOURCES" />
    <None Include="ST50220.bsc" />
  </ItemGroup>
</Project>